
Microsoft Visual Studio Solution File, Format Version 12.00
# Visual Studio Version 17
VisualStudioVersion = 17.13.35919.96 d17.13
MinimumVisualStudioVersion = 10.0.40219.1
Project("{FAE04EC0-301F-11D3-BF4B-00C04F79EFBC}") = "Revision-Project", "Revision-Project.csproj", "{0C75651B-6B74-4196-8BE4-A8D89AF89767}"
EndProject
Global
	GlobalSection(SolutionConfigurationPlatforms) = preSolution
		Debug|Any CPU = Debug|Any CPU
		Release|Any CPU = Release|Any CPU
	EndGlobalSection
	GlobalSection(ProjectConfigurationPlatforms) = postSolution
		{0C75651B-6B74-4196-8BE4-A8D89AF89767}.Debug|Any CPU.ActiveCfg = Debug|Any CPU
		{0C75651B-6B74-4196-8BE4-A8D89AF89767}.Debug|Any CPU.Build.0 = Debug|Any CPU
		{0C75651B-6B74-4196-8BE4-A8D89AF89767}.Release|Any CPU.ActiveCfg = Release|Any CPU
		{0C75651B-6B74-4196-8BE4-A8D89AF89767}.Release|Any CPU.Build.0 = Release|Any CPU
	EndGlobalSection
	GlobalSection(SolutionProperties) = preSolution
		HideSolutionNode = FALSE
	EndGlobalSection
	GlobalSection(ExtensibilityGlobals) = postSolution
		SolutionGuid = {CFF42C56-B198-4D8E-B922-35DF4DB2E9A7}
	EndGlobalSection
EndGlobal
